
Microsoft Visual Studio Solution File, Format Version 12.00
# Visual Studio Version 17
VisualStudioVersion = 17.10.35004.147
MinimumVisualStudioVersion = 10.0.40219.1
Project("{FAE04EC0-301F-11D3-BF4B-00C04F79EFBC}") = "WebSiteDownload", "WebSiteDownload.csproj", "{841718ED-187D-4BE9-B8D9-D23B52CC57A6}"
EndProject
Global
	GlobalSection(SolutionConfigurationPlatforms) = preSolution
		Debug|Any CPU = Debug|Any CPU
		Release|Any CPU = Release|Any CPU
	EndGlobalSection
	GlobalSection(ProjectConfigurationPlatforms) = postSolution
		{841718ED-187D-4BE9-B8D9-D23B52CC57A6}.Debug|Any CPU.ActiveCfg = Debug|Any CPU
		{841718ED-187D-4BE9-B8D9-D23B52CC57A6}.Debug|Any CPU.Build.0 = Debug|Any CPU
		{841718ED-187D-4BE9-B8D9-D23B52CC57A6}.Release|Any CPU.ActiveCfg = Release|Any CPU
		{841718ED-187D-4BE9-B8D9-D23B52CC57A6}.Release|Any CPU.Build.0 = Release|Any CPU
	EndGlobalSection
	GlobalSection(SolutionProperties) = preSolution
		HideSolutionNode = FALSE
	EndGlobalSection
	GlobalSection(ExtensibilityGlobals) = postSolution
		SolutionGuid = {37250947-E644-4E7E-8D10-3D6017B45A8D}
	EndGlobalSection
EndGlobal
